
Microsoft Visual Studio Solution File, Format Version 12.00
# Visual Studio Version 17
VisualStudioVersion = 17.3.32922.545
MinimumVisualStudioVersion = 10.0.40219.1
Project("{FAE04EC0-301F-11D3-BF4B-00C04F79EFBC}") = "SubjectsAPI", "SubjectsAPI\SubjectsAPI.csproj", "{FA958D3A-2AE2-4054-82F4-BC6646209007}"
EndProject
Global
	GlobalSection(SolutionConfigurationPlatforms) = preSolution
		Debug|Any CPU = Debug|Any CPU
		Release|Any CPU = Release|Any CPU
	EndGlobalSection
	GlobalSection(ProjectConfigurationPlatforms) = postSolution
		{FA958D3A-2AE2-4054-82F4-BC6646209007}.Debug|Any CPU.ActiveCfg = Debug|Any CPU
		{FA958D3A-2AE2-4054-82F4-BC6646209007}.Debug|Any CPU.Build.0 = Debug|Any CPU
		{FA958D3A-2AE2-4054-82F4-BC6646209007}.Release|Any CPU.ActiveCfg = Release|Any CPU
		{FA958D3A-2AE2-4054-82F4-BC6646209007}.Release|Any CPU.Build.0 = Release|Any CPU
	EndGlobalSection
	GlobalSection(SolutionProperties) = preSolution
		HideSolutionNode = FALSE
	EndGlobalSection
	GlobalSection(ExtensibilityGlobals) = postSolution
		SolutionGuid = {BC2CBEAE-3A13-4517-B276-41B165258B01}
	EndGlobalSection
EndGlobal
